
Microsoft Visual Studio Solution File, Format Version 12.00
# Visual Studio Version 17
VisualStudioVersion = 17.6.33829.357
MinimumVisualStudioVersion = 10.0.40219.1
Project("{FAE04EC0-301F-11D3-BF4B-00C04F79EFBC}") = "MacsimPricingCalculator", "MacsimPricingCalculator\MacsimPricingCalculator.csproj", "{E74D18BF-A8F4-4EB5-82FB-516F5975016D}"
EndProject
Global
	GlobalSection(SolutionConfigurationPlatforms) = preSolution
		Debug|Any CPU = Debug|Any CPU
		Release|Any CPU = Release|Any CPU
	EndGlobalSection
	GlobalSection(ProjectConfigurationPlatforms) = postSolution
		{E74D18BF-A8F4-4EB5-82FB-516F5975016D}.Debug|Any CPU.ActiveCfg = Debug|Any CPU
		{E74D18BF-A8F4-4EB5-82FB-516F5975016D}.Debug|Any CPU.Build.0 = Debug|Any CPU
		{E74D18BF-A8F4-4EB5-82FB-516F5975016D}.Release|Any CPU.ActiveCfg = Release|Any CPU
		{E74D18BF-A8F4-4EB5-82FB-516F5975016D}.Release|Any CPU.Build.0 = Release|Any CPU
	EndGlobalSection
	GlobalSection(SolutionProperties) = preSolution
		HideSolutionNode = FALSE
	EndGlobalSection
	GlobalSection(ExtensibilityGlobals) = postSolution
		SolutionGuid = {072F6D66-0555-44AA-8818-49882B984CBF}
	EndGlobalSection
EndGlobal
